
Microsoft Visual Studio Solution File, Format Version 12.00
# Visual Studio Version 17
VisualStudioVersion = 17.3.32929.385
MinimumVisualStudioVersion = 10.0.40219.1
Project("{FAE04EC0-301F-11D3-BF4B-00C04F79EFBC}") = "Pipe_temperature", "Pipe_temperature.csproj", "{467C80DC-AE4F-4409-BC9A-E58CDA1235FE}"
EndProject
Global
	GlobalSection(SolutionConfigurationPlatforms) = preSolution
		Debug|Any CPU = Debug|Any CPU
		Release|Any CPU = Release|Any CPU
	EndGlobalSection
	GlobalSection(ProjectConfigurationPlatforms) = postSolution
		{467C80DC-AE4F-4409-BC9A-E58CDA1235FE}.Debug|Any CPU.ActiveCfg = Debug|Any CPU
		{467C80DC-AE4F-4409-BC9A-E58CDA1235FE}.Debug|Any CPU.Build.0 = Debug|Any CPU
		{467C80DC-AE4F-4409-BC9A-E58CDA1235FE}.Release|Any CPU.ActiveCfg = Release|Any CPU
		{467C80DC-AE4F-4409-BC9A-E58CDA1235FE}.Release|Any CPU.Build.0 = Release|Any CPU
	EndGlobalSection
	GlobalSection(SolutionProperties) = preSolution
		HideSolutionNode = FALSE
	EndGlobalSection
	GlobalSection(ExtensibilityGlobals) = postSolution
		SolutionGuid = {89BA8BEF-9562-464C-92ED-F6F0575DFBBA}
	EndGlobalSection
EndGlobal
